// !$*UTF8*$!
{
	archiveVersion = 1;
	classes = {
	};
	objectVersion = 56;
	objects = {

/* Begin PBXBuildFile section */
		27BACBB02B42C79500AB841B /* CoreData_CRUDApp.swift in Sources */ = {isa = PBXBuildFile; fileRef = 27BACBAF2B42C79500AB841B /* CoreData_CRUDApp.swift */; };
		27BACBB22B42C79500AB841B /* ContentView.swift in Sources */ = {isa = PBXBuildFile; fileRef = 27BACBB12B42C79500AB841B /* ContentView.swift */; };
		27BACBB42B42C79800AB841B /* Assets.xcassets in Resources */ = {isa = PBXBuildFile; fileRef = 27BACBB32B42C79800AB841B /* Assets.xcassets */; };
		27BACBB72B42C79800AB841B /* Preview Assets.xcassets in Resources */ = {isa = PBXBuildFile; fileRef = 27BACBB62B42C79800AB841B /* Preview Assets.xcassets */; };
		27BACBC22B42C93800AB841B /* ItemsViewModel.swift in Sources */ = {isa = PBXBuildFile; fileRef = 27BACBC12B42C93800AB841B /* ItemsViewModel.swift */; };
		27BACBC62B42C95900AB841B /* Item.xcdatamodeld in Sources */ = {isa = PBXBuildFile; fileRef = 27BACBC42B42C95900AB841B /* Item.xcdatamodeld */; };
		27BACBC82B42C9A900AB841B /* ItemView.swift in Sources */ = {isa = PBXBuildFile; fileRef = 27BACBC72B42C9A900AB841B /* ItemView.swift */; };
		27BACBCA2B42C9BB00AB841B /* EditItemView.swift in Sources */ = {isa = PBXBuildFile; fileRef = 27BACBC92B42C9BB00AB841B /* EditItemView.swift */; };
		27BACBCE2B42C9FE00AB841B /* PersistenceController.swift in Sources */ = {isa = PBXBuildFile; fileRef = 27BACBCD2B42C9FE00AB841B /* PersistenceController.swift */; };
/* End PBXBuildFile section */

/* Begin PBXFileReference section */
		27BACBAC2B42C79500AB841B /* CoreData-CRUD.app */ = {isa = PBXFileReference; explicitFileType = wrapper.application; includeInIndex = 0; path = "CoreData-CRUD.app"; sourceTree = BUILT_PRODUCTS_DIR; };
		27BACBAF2B42C79500AB841B /* CoreData_CRUDApp.swift */ = {isa = PBXFileReference; lastKnownFileType = sourcecode.swift; path = CoreData_CRUDApp.swift; sourceTree = "<group>"; };
		27BACBB12B42C79500AB841B /* ContentView.swift */ = {isa = PBXFileReference; lastKnownFileType = sourcecode.swift; path = ContentView.swift; sourceTree = "<group>"; };
		27BACBB32B42C79800AB841B /* Assets.xcassets */ = {isa = PBXFileReference; lastKnownFileType = folder.assetcatalog; path = Assets.xcassets; sourceTree = "<group>"; };
		27BACBB62B42C79800AB841B /* Preview Assets.xcassets */ = {isa = PBXFileReference; lastKnownFileType = folder.assetcatalog; path = "Preview Assets.xcassets"; sourceTree = "<group>"; };
		27BACBC12B42C93800AB841B /* ItemsViewModel.swift */ = {isa = PBXFileReference; lastKnownFileType = sourcecode.swift; path = ItemsViewModel.swift; sourceTree = "<group>"; };
		27BACBC52B42C95900AB841B /* ItemsModel.xcdatamodel */ = {isa = PBXFileReference; lastKnownFileType = wrapper.xcdatamodel; path = ItemsModel.xcdatamodel; sourceTree = "<group>"; };
		27BACBC72B42C9A900AB841B /* ItemView.swift */ = {isa = PBXFileReference; lastKnownFileType = sourcecode.swift; path = ItemView.swift; sourceTree = "<group>"; };
		27BACBC92B42C9BB00AB841B /* EditItemView.swift */ = {isa = PBXFileReference; lastKnownFileType = sourcecode.swift; path = EditItemView.swift; sourceTree = "<group>"; };
		27BACBCD2B42C9FE00AB841B /* PersistenceController.swift */ = {isa = PBXFileReference; lastKnownFileType = sourcecode.swift; path = PersistenceController.swift; sourceTree = "<group>"; };
		27BACBCF2B42CD6800AB841B /* Info.plist */ = {isa = PBXFileReference; lastKnownFileType = text.plist; path = Info.plist; sourceTree = "<group>"; };
/* End PBXFileReference section */

/* Begin PBXFrameworksBuildPhase section */
		27BACBA92B42C79500AB841B /* Frameworks */ = {
			isa = PBXFrameworksBuildPhase;
			buildActionMask = 2147483647;
			files = (
			);
			runOnlyForDeploymentPostprocessing = 0;
		};
/* End PBXFrameworksBuildPhase section */

/* Begin PBXGroup section */
		27BACBA32B42C79500AB841B = {
			isa = PBXGroup;
			children = (
				27BACBAE2B42C79500AB841B /* CoreData-CRUD */,
				27BACBAD2B42C79500AB841B /* Products */,
			);
			sourceTree = "<group>";
		};
		27BACBAD2B42C79500AB841B /* Products */ = {
			isa = PBXGroup;
			children = (
				27BACBAC2B42C79500AB841B /* CoreData-CRUD.app */,
			);
			name = Products;
			sourceTree = "<group>";
		};
		27BACBAE2B42C79500AB841B /* CoreData-CRUD */ = {
			isa = PBXGroup;
			children = (
				27BACBCF2B42CD6800AB841B /* Info.plist */,
				27BACBC02B42C90700AB841B /* Views */,
				27BACBBF2B42C90100AB841B /* Models */,
				27BACBBE2B42C8F900AB841B /* Extensions */,
				27BACBBD2B42C8F300AB841B /* Services */,
				27BACBB32B42C79800AB841B /* Assets.xcassets */,
				27BACBB52B42C79800AB841B /* Preview Content */,
			);
			path = "CoreData-CRUD";
			sourceTree = "<group>";
		};
		27BACBB52B42C79800AB841B /* Preview Content */ = {
			isa = PBXGroup;
			children = (
				27BACBB62B42C79800AB841B /* Preview Assets.xcassets */,
			);
			path = "Preview Content";
			sourceTree = "<group>";
		};
		27BACBBD2B42C8F300AB841B /* Services */ = {
			isa = PBXGroup;
			children = (
			);
			path = Services;
			sourceTree = "<group>";
		};
		27BACBBE2B42C8F900AB841B /* Extensions */ = {
			isa = PBXGroup;
			children = (
				27BACBCD2B42C9FE00AB841B /* PersistenceController.swift */,
			);
			path = Extensions;
			sourceTree = "<group>";
		};
		27BACBBF2B42C90100AB841B /* Models */ = {
			isa = PBXGroup;
			children = (
				27BACBC12B42C93800AB841B /* ItemsViewModel.swift */,
				27BACBC42B42C95900AB841B /* Item.xcdatamodeld */,
			);
			path = Models;
			sourceTree = "<group>";
		};
		27BACBC02B42C90700AB841B /* Views */ = {
			isa = PBXGroup;
			children = (
				27BACBAF2B42C79500AB841B /* CoreData_CRUDApp.swift */,
				27BACBB12B42C79500AB841B /* ContentView.swift */,
				27BACBC72B42C9A900AB841B /* ItemView.swift */,
				27BACBC92B42C9BB00AB841B /* EditItemView.swift */,
			);
			path = Views;
			sourceTree = "<group>";
		};
/* End PBXGroup section */

/* Begin PBXNativeTarget section */
		27BACBAB2B42C79500AB841B /* CoreData-CRUD */ = {
			isa = PBXNativeTarget;
			buildConfigurationList = 27BACBBA2B42C79800AB841B /* Build configuration list for PBXNativeTarget "CoreData-CRUD" */;
			buildPhases = (
				27BACBA82B42C79500AB841B /* Sources */,
				27BACBA92B42C79500AB841B /* Frameworks */,
				27BACBAA2B42C79500AB841B /* Resources */,
			);
			buildRules = (
			);
			dependencies = (
			);
			name = "CoreData-CRUD";
			productName = "CoreData-CRUD";
			productReference = 27BACBAC2B42C79500AB841B /* CoreData-CRUD.app */;
			productType = "com.apple.product-type.application";
		};
/* End PBXNativeTarget section */

/* Begin PBXProject section */
		27BACBA42B42C79500AB841B /* Project object */ = {
			isa = PBXProject;
			attributes = {
				BuildIndependentTargetsInParallel = 1;
				LastSwiftUpdateCheck = 1510;
				LastUpgradeCheck = 1510;
				TargetAttributes = {
					27BACBAB2B42C79500AB841B = {
						CreatedOnToolsVersion = 15.1;
					};
				};
			};
			buildConfigurationList = 27BACBA72B42C79500AB841B /* Build configuration list for PBXProject "CoreData-CRUD" */;
			compatibilityVersion = "Xcode 14.0";
			developmentRegion = en;
			hasScannedForEncodings = 0;
			knownRegions = (
				en,
				Base,
			);
			mainGroup = 27BACBA32B42C79500AB841B;
			productRefGroup = 27BACBAD2B42C79500AB841B /* Products */;
			projectDirPath = "";
			projectRoot = "";
			targets = (
				27BACBAB2B42C79500AB841B /* CoreData-CRUD */,
			);
		};
/* End PBXProject section */

/* Begin PBXResourcesBuildPhase section */
		27BACBAA2B42C79500AB841B /* Resources */ = {
			isa = PBXResourcesBuildPhase;
			buildActionMask = 2147483647;
			files = (
				27BACBB72B42C79800AB841B /* Preview Assets.xcassets in Resources */,
				27BACBB42B42C79800AB841B /* Assets.xcassets in Resources */,
			);
			runOnlyForDeploymentPostprocessing = 0;
		};
/* End PBXResourcesBuildPhase section */

/* Begin PBXSourcesBuildPhase section */
		27BACBA82B42C79500AB841B /* Sources */ = {
			isa = PBXSourcesBuildPhase;
			buildActionMask = 2147483647;
			files = (
				27BACBB22B42C79500AB841B /* ContentView.swift in Sources */,
				27BACBCE2B42C9FE00AB841B /* PersistenceController.swift in Sources */,
				27BACBB02B42C79500AB841B /* CoreData_CRUDApp.swift in Sources */,
				27BACBC62B42C95900AB841B /* Item.xcdatamodeld in Sources */,
				27BACBC82B42C9A900AB841B /* ItemView.swift in Sources */,
				27BACBC22B42C93800AB841B /* ItemsViewModel.swift in Sources */,
				27BACBCA2B42C9BB00AB841B /* EditItemView.swift in Sources */,
			);
			runOnlyForDeploymentPostprocessing = 0;
		};
/* End PBXSourcesBuildPhase section */

/* Begin XCBuildConfiguration section */
		27BACBB82B42C79800AB841B /* Debug */ = {
			isa = XCBuildConfiguration;
			buildSettings = {
				ALWAYS_SEARCH_USER_PATHS = NO;
				ASSETCATALOG_COMPILER_GENERATE_SWIFT_ASSET_SYMBOL_EXTENSIONS = YES;
				CLANG_ANALYZER_NONNULL = YES;
				CLANG_ANALYZER_NUMBER_OBJECT_CONVERSION = YES_AGGRESSIVE;
				CLANG_CXX_LANGUAGE_STANDARD = "gnu++20";
				CLANG_ENABLE_MODULES = YES;
				CLANG_ENABLE_OBJC_ARC = YES;
				CLANG_ENABLE_OBJC_WEAK = YES;
				CLANG_WARN_BLOCK_CAPTURE_AUTORELEASING = YES;
				CLANG_WARN_BOOL_CONVERSION = YES;
				CLANG_WARN_COMMA = YES;
				CLANG_WARN_CONSTANT_CONVERSION = YES;
				CLANG_WARN_DEPRECATED_OBJC_IMPLEMENTATIONS = YES;
				CLANG_WARN_DIRECT_OBJC_ISA_USAGE = YES_ERROR;
				CLANG_WARN_DOCUMENTATION_COMMENTS = YES;
				CLANG_WARN_EMPTY_BODY = YES;
				CLANG_WARN_ENUM_CONVERSION = YES;
				CLANG_WARN_INFINITE_RECURSION = YES;
				CLANG_WARN_INT_CONVERSION = YES;
				CLANG_WARN_NON_LITERAL_NULL_CONVERSION = YES;
				CLANG_WARN_OBJC_IMPLICIT_RETAIN_SELF = YES;
				CLANG_WARN_OBJC_LITERAL_CONVERSION = YES;
				CLANG_WARN_OBJC_ROOT_CLASS = YES_ERROR;
				CLANG_WARN_QUOTED_INCLUDE_IN_FRAMEWORK_HEADER = YES;
				CLANG_WARN_RANGE_LOOP_ANALYSIS = YES;
				CLANG_WARN_STRICT_PROTOTYPES = YES;
				CLANG_WARN_SUSPICIOUS_MOVE = YES;
				CLANG_WARN_UNGUARDED_AVAILABILITY = YES_AGGRESSIVE;
				CLANG_WARN_UNREACHABLE_CODE = YES;
				CLANG_WARN__DUPLICATE_METHOD_MATCH = YES;
				COPY_PHASE_STRIP = NO;
				DEBUG_INFORMATION_FORMAT = dwarf;
				ENABLE_STRICT_OBJC_MSGSEND = YES;
				ENABLE_TESTABILITY = YES;
				ENABLE_USER_SCRIPT_SANDBOXING = YES;
				GCC_C_LANGUAGE_STANDARD = gnu17;
				GCC_DYNAMIC_NO_PIC = NO;
				GCC_NO_COMMON_BLOCKS = YES;
				GCC_OPTIMIZATION_LEVEL = 0;
				GCC_PREPROCESSOR_DEFINITIONS = (
					"DEBUG=1",
					"$(inherited)",
				);
				GCC_WARN_64_TO_32_BIT_CONVERSION = YES;
				GCC_WARN_ABOUT_RETURN_TYPE = YES_ERROR;
				GCC_WARN_UNDECLARED_SELECTOR = YES;
				GCC_WARN_UNINITIALIZED_AUTOS = YES_AGGRESSIVE;
				GCC_WARN_UNUSED_FUNCTION = YES;
				GCC_WARN_UNUSED_VARIABLE = YES;
				IPHONEOS_DEPLOYMENT_TARGET = 17.2;
				LOCALIZATION_PREFERS_STRING_CATALOGS = YES;
				MTL_ENABLE_DEBUG_INFO = INCLUDE_SOURCE;
				MTL_FAST_MATH = YES;
				ONLY_ACTIVE_ARCH = YES;
				SDKROOT = iphoneos;
				SWIFT_ACTIVE_COMPILATION_CONDITIONS = "DEBUG $(inherited)";
				SWIFT_OPTIMIZATION_LEVEL = "-Onone";
			};
			name = Debug;
		};
		27BACBB92B42C79800AB841B /* Release */ = {
			isa = XCBuildConfiguration;
			buildSettings = {
				ALWAYS_SEARCH_USER_PATHS = NO;
				ASSETCATALOG_COMPILER_GENERATE_SWIFT_ASSET_SYMBOL_EXTENSIONS = YES;
				CLANG_ANALYZER_NONNULL = YES;
				CLANG_ANALYZER_NUMBER_OBJECT_CONVERSION = YES_AGGRESSIVE;
				CLANG_CXX_LANGUAGE_STANDARD = "gnu++20";
				CLANG_ENABLE_MODULES = YES;
				CLANG_ENABLE_OBJC_ARC = YES;
				CLANG_ENABLE_OBJC_WEAK = YES;
				CLANG_WARN_BLOCK_CAPTURE_AUTORELEASING = YES;
				CLANG_WARN_BOOL_CONVERSION = YES;
				CLANG_WARN_COMMA = YES;
				CLANG_WARN_CONSTANT_CONVERSION = YES;
				CLANG_WARN_DEPRECATED_OBJC_IMPLEMENTATIONS = YES;
				CLANG_WARN_DIRECT_OBJC_ISA_USAGE = YES_ERROR;
				CLANG_WARN_DOCUMENTATION_COMMENTS = YES;
				CLANG_WARN_EMPTY_BODY = YES;
				CLANG_WARN_ENUM_CONVERSION = YES;
				CLANG_WARN_INFINITE_RECURSION = YES;
				CLANG_WARN_INT_CONVERSION = YES;
				CLANG_WARN_NON_LITERAL_NULL_CONVERSION = YES;
				CLANG_WARN_OBJC_IMPLICIT_RETAIN_SELF = YES;
				CLANG_WARN_OBJC_LITERAL_CONVERSION = YES;
				CLANG_WARN_OBJC_ROOT_CLASS = YES_ERROR;
				CLANG_WARN_QUOTED_INCLUDE_IN_FRAMEWORK_HEADER = YES;
				CLANG_WARN_RANGE_LOOP_ANALYSIS = YES;
				CLANG_WARN_STRICT_PROTOTYPES = YES;
				CLANG_WARN_SUSPICIOUS_MOVE = YES;
				CLANG_WARN_UNGUARDED_AVAILABILITY = YES_AGGRESSIVE;
				CLANG_WARN_UNREACHABLE_CODE = YES;
				CLANG_WARN__DUPLICATE_METHOD_MATCH = YES;
				COPY_PHASE_STRIP = NO;
				DEBUG_INFORMATION_FORMAT = "dwarf-with-dsym";
				ENABLE_NS_ASSERTIONS = NO;
				ENABLE_STRICT_OBJC_MSGSEND = YES;
				ENABLE_USER_SCRIPT_SANDBOXING = YES;
				GCC_C_LANGUAGE_STANDARD = gnu17;
				GCC_NO_COMMON_BLOCKS = YES;
				GCC_WARN_64_TO_32_BIT_CONVERSION = YES;
				GCC_WARN_ABOUT_RETURN_TYPE = YES_ERROR;
				GCC_WARN_UNDECLARED_SELECTOR = YES;
				GCC_WARN_UNINITIALIZED_AUTOS = YES_AGGRESSIVE;
				GCC_WARN_UNUSED_FUNCTION = YES;
				GCC_WARN_UNUSED_VARIABLE = YES;
				IPHONEOS_DEPLOYMENT_TARGET = 17.2;
				LOCALIZATION_PREFERS_STRING_CATALOGS = YES;
				MTL_ENABLE_DEBUG_INFO = NO;
				MTL_FAST_MATH = YES;
				SDKROOT = iphoneos;
				SWIFT_COMPILATION_MODE = wholemodule;
				VALIDATE_PRODUCT = YES;
			};
			name = Release;
		};
		27BACBBB2B42C79800AB841B /* Debug */ = {
			isa = XCBuildConfiguration;
			buildSettings = {
				ASSETCATALOG_COMPILER_APPICON_NAME = AppIcon;
				ASSETCATALOG_COMPILER_GLOBAL_ACCENT_COLOR_NAME = AccentColor;
				CODE_SIGN_STYLE = Automatic;
				CURRENT_PROJECT_VERSION = 1;
				DEVELOPMENT_ASSET_PATHS = "\"CoreData-CRUD/Preview Content\"";
				DEVELOPMENT_TEAM = 9489Q3YVAN;
				ENABLE_PREVIEWS = YES;
				GENERATE_INFOPLIST_FILE = YES;
				INFOPLIST_FILE = "CoreData-CRUD/Info.plist";
				INFOPLIST_KEY_UIApplicationSceneManifest_Generation = YES;
				INFOPLIST_KEY_UIApplicationSupportsIndirectInputEvents = YES;
				INFOPLIST_KEY_UILaunchScreen_Generation = YES;
				INFOPLIST_KEY_UISupportedInterfaceOrientations_iPad = "UIInterfaceOrientationPortrait UIInterfaceOrientationPortraitUpsideDown UIInterfaceOrientationLandscapeLeft UIInterfaceOrientationLandscapeRight";
				INFOPLIST_KEY_UISupportedInterfaceOrientations_iPhone = "UIInterfaceOrientationPortrait UIInterfaceOrientationLandscapeLeft UIInterfaceOrientationLandscapeRight";
				IPHONEOS_DEPLOYMENT_TARGET = 14.0;
				LD_RUNPATH_SEARCH_PATHS = (
					"$(inherited)",
					"@executable_path/Frameworks",
				);
				MARKETING_VERSION = 1.0;
				PRODUCT_BUNDLE_IDENTIFIER = "com.RayanKhan.CoreData-CRUD";
				PRODUCT_NAME = "$(TARGET_NAME)";
				SWIFT_EMIT_LOC_STRINGS = YES;
				SWIFT_VERSION = 5.0;
				TARGETED_DEVICE_FAMILY = "1,2";
			};
			name = Debug;
		};
		27BACBBC2B42C79800AB841B /* Release */ = {
			isa = XCBuildConfiguration;
			buildSettings = {
				ASSETCATALOG_COMPILER_APPICON_NAME = AppIcon;
				ASSETCATALOG_COMPILER_GLOBAL_ACCENT_COLOR_NAME = AccentColor;
				CODE_SIGN_STYLE = Automatic;
				CURRENT_PROJECT_VERSION = 1;
				DEVELOPMENT_ASSET_PATHS = "\"CoreData-CRUD/Preview Content\"";
				DEVELOPMENT_TEAM = 9489Q3YVAN;
				ENABLE_PREVIEWS = YES;
				GENERATE_INFOPLIST_FILE = YES;
				INFOPLIST_FILE = "CoreData-CRUD/Info.plist";
				INFOPLIST_KEY_UIApplicationSceneManifest_Generation = YES;
				INFOPLIST_KEY_UIApplicationSupportsIndirectInputEvents = YES;
				INFOPLIST_KEY_UILaunchScreen_Generation = YES;
				INFOPLIST_KEY_UISupportedInterfaceOrientations_iPad = "UIInterfaceOrientationPortrait UIInterfaceOrientationPortraitUpsideDown UIInterfaceOrientationLandscapeLeft UIInterfaceOrientationLandscapeRight";
				INFOPLIST_KEY_UISupportedInterfaceOrientations_iPhone = "UIInterfaceOrientationPortrait UIInterfaceOrientationLandscapeLeft UIInterfaceOrientationLandscapeRight";
				IPHONEOS_DEPLOYMENT_TARGET = 14.0;
				LD_RUNPATH_SEARCH_PATHS = (
					"$(inherited)",
					"@executable_path/Frameworks",
				);
				MARKETING_VERSION = 1.0;
				PRODUCT_BUNDLE_IDENTIFIER = "com.RayanKhan.CoreData-CRUD";
				PRODUCT_NAME = "$(TARGET_NAME)";
				SWIFT_EMIT_LOC_STRINGS = YES;
				SWIFT_VERSION = 5.0;
				TARGETED_DEVICE_FAMILY = "1,2";
			};
			name = Release;
		};
/* End XCBuildConfiguration section */

/* Begin XCConfigurationList section */
		27BACBA72B42C79500AB841B /* Build configuration list for PBXProject "CoreData-CRUD" */ = {
			isa = XCConfigurationList;
			buildConfigurations = (
				27BACBB82B42C79800AB841B /* Debug */,
				27BACBB92B42C79800AB841B /* Release */,
			);
			defaultConfigurationIsVisible = 0;
			defaultConfigurationName = Release;
		};
		27BACBBA2B42C79800AB841B /* Build configuration list for PBXNativeTarget "CoreData-CRUD" */ = {
			isa = XCConfigurationList;
			buildConfigurations = (
				27BACBBB2B42C79800AB841B /* Debug */,
				27BACBBC2B42C79800AB841B /* Release */,
			);
			defaultConfigurationIsVisible = 0;
			defaultConfigurationName = Release;
		};
/* End XCConfigurationList section */

/* Begin XCVersionGroup section */
		27BACBC42B42C95900AB841B /* Item.xcdatamodeld */ = {
			isa = XCVersionGroup;
			children = (
				27BACBC52B42C95900AB841B /* ItemsModel.xcdatamodel */,
			);
			currentVersion = 27BACBC52B42C95900AB841B /* ItemsModel.xcdatamodel */;
			path = Item.xcdatamodeld;
			sourceTree = "<group>";
			versionGroupType = wrapper.xcdatamodel;
		};
/* End XCVersionGroup section */
	};
	rootObject = 27BACBA42B42C79500AB841B /* Project object */;
}
